{
  "name": "node_ipod_conv",
  "version": "1.0.0",
  "lockfileVersion": 1,
  "requires": true,
  "dependencies": {
    "ffmpeg": {
      "version": "0.0.4",
      "resolved": "https://registry.npmjs.org/ffmpeg/-/ffmpeg-0.0.4.tgz",
      "integrity": "sha1-HEYN+OfaUSf2LO70v6BsWciWMMs=",
      "dev": true,
      "requires": {
        "when": ">= 0.0.1"
      }
    },
    "file-dialog": {
      "version": "0.0.8",
      "resolved": "https://registry.npmjs.org/file-dialog/-/file-dialog-0.0.8.tgz",
      "integrity": "sha512-KnYitqNf/rANEhUxWzkINAaMVc7SshejwA5HEd5Wr8lEJQX1Js1LCndectS44SXTnXWK+jbHQYs4R6CaG+7Jkg==",
      "dev": true
    },
    "html-entities": {
      "version": "1.3.1",
      "resolved": "https://registry.npmjs.org/html-entities/-/html-entities-1.3.1.tgz",
      "integrity": "sha512-rhE/4Z3hIhzHAUKbW8jVcCyuT5oJCXXqhN/6mXXVCpzTmvJnoH2HL/bt3EZ6p55jbFJBeAe1ZNpL5BugLujxNA==",
      "dev": true
    },
    "m3u8stream": {
      "version": "0.6.5",
      "resolved": "https://registry.npmjs.org/m3u8stream/-/m3u8stream-0.6.5.tgz",
      "integrity": "sha512-QZCzhcfUliZfsOboi68QkNcMejPKTEhxE+s1TApvHubDeR8ythm4ViWuYFqgUwZeoHe8q0nsPxOvA3lQvdSzyg==",
      "dev": true,
      "requires": {
        "miniget": "^1.6.1",
        "sax": "^1.2.4"
      }
    },
    "miniget": {
      "version": "1.7.0",
      "resolved": "https://registry.npmjs.org/miniget/-/miniget-1.7.0.tgz",
      "integrity": "sha512-yrgaDSMRzrfYTkudB4Y6xK8pCb7oAH2bvfv6iPY2m6CedZfs9yK4b/ofh0Vzv08hCYXH/HHkoS8an6fkWtOAQA==",
      "dev": true
    },
    "sax": {
      "version": "1.2.4",
      "resolved": "https://registry.npmjs.org/sax/-/sax-1.2.4.tgz",
      "integrity": "sha512-NqVDv9TpANUjFm0N8uM5GxL36UgKi9/atZw+x7YFnQ8ckwFGKrl4xX4yWtrey3UJm5nP1kUbnYgLopqWNSRhWw==",
      "dev": true
    },
    "when": {
      "version": "3.7.8",
      "resolved": "https://registry.npmjs.org/when/-/when-3.7.8.tgz",
      "integrity": "sha1-xxMLan6gRpPoQs3J56Hyqjmjn4I=",
      "dev": true
    },
    "ytdl-core": {
      "version": "2.1.1",
      "resolved": "https://registry.npmjs.org/ytdl-core/-/ytdl-core-2.1.1.tgz",
      "integrity": "sha512-rg1h6enMeBzShy4ZMam8k28VQfpSdxwZprCy3t38VvHn9DHzYqVk5Lvevy4QGkASScoYr1sIKGkNo0hh7NGRnA==",
      "dev": true,
      "requires": {
        "html-entities": "^1.3.1",
        "m3u8stream": "^0.6.3",
        "miniget": "^1.7.0",
        "sax": "^1.1.3"
      }
    }
  }
}
